
Microsoft Visual Studio Solution File, Format Version 12.00
# Visual Studio 15
VisualStudioVersion = 15.0.27130.2027
MinimumVisualStudioVersion = 10.0.40219.1
Project("{FAE04EC0-301F-11D3-BF4B-00C04F79EFBC}") = "FinkiOverflowProject", "FinkiOverflowProject\FinkiOverflowProject.csproj", "{7AD5F091-0C02-43E9-ACB6-82919132DE4F}"
EndProject
Global
	GlobalSection(SolutionConfigurationPlatforms) = preSolution
		Debug|Any CPU = Debug|Any CPU
		Release|Any CPU = Release|Any CPU
	EndGlobalSection
	GlobalSection(ProjectConfigurationPlatforms) = postSolution
		{7AD5F091-0C02-43E9-ACB6-82919132DE4F}.Debug|Any CPU.ActiveCfg = Debug|Any CPU
		{7AD5F091-0C02-43E9-ACB6-82919132DE4F}.Debug|Any CPU.Build.0 = Debug|Any CPU
		{7AD5F091-0C02-43E9-ACB6-82919132DE4F}.Release|Any CPU.ActiveCfg = Release|Any CPU
		{7AD5F091-0C02-43E9-ACB6-82919132DE4F}.Release|Any CPU.Build.0 = Release|Any CPU
	EndGlobalSection
	GlobalSection(SolutionProperties) = preSolution
		HideSolutionNode = FALSE
	EndGlobalSection
	GlobalSection(ExtensibilityGlobals) = postSolution
		SolutionGuid = {6E98493D-DE11-4A18-A2CE-83752507EE3F}
	EndGlobalSection
EndGlobal
